
Microsoft Visual Studio Solution File, Format Version 12.00
# Visual Studio Version 17
VisualStudioVersion = 17.7.34202.233
MinimumVisualStudioVersion = 10.0.40219.1
Project("{9A19103F-16F7-4668-BE54-9A1E7A4F7556}") = "OTD.Api", "OTD.Api\OTD.Api.csproj", "{0E30784C-3C56-439C-AB74-5D6864C5824E}"
EndProject
Project("{9A19103F-16F7-4668-BE54-9A1E7A4F7556}") = "OTD.Core", "OTD.Core\OTD.Core.csproj", "{76AF1461-3131-4F84-A50D-800435C5E2E3}"
EndProject
Project("{9A19103F-16F7-4668-BE54-9A1E7A4F7556}") = "OTD.Repository", "OTD.Repository\OTD.Repository.csproj", "{085038C8-C27B-4BB4-9A60-3FB1A10C0A64}"
EndProject
Project("{9A19103F-16F7-4668-BE54-9A1E7A4F7556}") = "OTD.ServiceLayer", "OTD.ServiceLayer\OTD.ServiceLayer.csproj", "{81B101A5-38C2-4442-9CAC-6A8C0C7C3ADF}"
EndProject
Global
	GlobalSection(SolutionConfigurationPlatforms) = preSolution
		Debug|Any CPU = Debug|Any CPU
		Release|Any CPU = Release|Any CPU
	EndGlobalSection
	GlobalSection(ProjectConfigurationPlatforms) = postSolution
		{0E30784C-3C56-439C-AB74-5D6864C5824E}.Debug|Any CPU.ActiveCfg = Debug|Any CPU
		{0E30784C-3C56-439C-AB74-5D6864C5824E}.Debug|Any CPU.Build.0 = Debug|Any CPU
		{0E30784C-3C56-439C-AB74-5D6864C5824E}.Release|Any CPU.ActiveCfg = Release|Any CPU
		{0E30784C-3C56-439C-AB74-5D6864C5824E}.Release|Any CPU.Build.0 = Release|Any CPU
		{76AF1461-3131-4F84-A50D-800435C5E2E3}.Debug|Any CPU.ActiveCfg = Debug|Any CPU
		{76AF1461-3131-4F84-A50D-800435C5E2E3}.Debug|Any CPU.Build.0 = Debug|Any CPU
		{76AF1461-3131-4F84-A50D-800435C5E2E3}.Release|Any CPU.ActiveCfg = Release|Any CPU
		{76AF1461-3131-4F84-A50D-800435C5E2E3}.Release|Any CPU.Build.0 = Release|Any CPU
		{085038C8-C27B-4BB4-9A60-3FB1A10C0A64}.Debug|Any CPU.ActiveCfg = Debug|Any CPU
		{085038C8-C27B-4BB4-9A60-3FB1A10C0A64}.Debug|Any CPU.Build.0 = Debug|Any CPU
		{085038C8-C27B-4BB4-9A60-3FB1A10C0A64}.Release|Any CPU.ActiveCfg = Release|Any CPU
		{085038C8-C27B-4BB4-9A60-3FB1A10C0A64}.Release|Any CPU.Build.0 = Release|Any CPU
		{81B101A5-38C2-4442-9CAC-6A8C0C7C3ADF}.Debug|Any CPU.ActiveCfg = Debug|Any CPU
		{81B101A5-38C2-4442-9CAC-6A8C0C7C3ADF}.Debug|Any CPU.Build.0 = Debug|Any CPU
		{81B101A5-38C2-4442-9CAC-6A8C0C7C3ADF}.Release|Any CPU.ActiveCfg = Release|Any CPU
		{81B101A5-38C2-4442-9CAC-6A8C0C7C3ADF}.Release|Any CPU.Build.0 = Release|Any CPU
	EndGlobalSection
	GlobalSection(SolutionProperties) = preSolution
		HideSolutionNode = FALSE
	EndGlobalSection
	GlobalSection(ExtensibilityGlobals) = postSolution
		SolutionGuid = {FA82070B-D664-4DAF-8171-7EE5CA569370}
	EndGlobalSection
EndGlobal
